// !$*UTF8*$!
{
	archiveVersion = 1;
	classes = {
	};
	objectVersion = 77;
	objects = {

/* Begin PBXBuildFile section */
		05F5BA9A5BAEE5DE9F5EC50D /* Pods_XcupTests.framework in Frameworks */ = {isa = PBXBuildFile; fileRef = 95BC2AFA15CF3345ABF60F22 /* Pods_XcupTests.framework */; };
		843A89782F864C42002A8D58 /* ReplayKit.framework in Frameworks */ = {isa = PBXBuildFile; fileRef = 843A89772F864C42002A8D58 /* ReplayKit.framework */; };
		843A898E2F864C43002A8D58 /* XcupBroadcast.appex in Embed Foundation Extensions */ = {isa = PBXBuildFile; fileRef = 843A89762F864C42002A8D58 /* XcupBroadcast.appex */; settings = {ATTRIBUTES = (RemoveHeadersOnCopy, ); }; };
		9795D5A45A48002E813E252A /* Pods_Xcup_XcupUITests.framework in Frameworks */ = {isa = PBXBuildFile; fileRef = C64B9DD3E9E12BB4811280BC /* Pods_Xcup_XcupUITests.framework */; };
		C4BC11F3513F1DF2263A1331 /* Pods_Xcup.framework in Frameworks */ = {isa = PBXBuildFile; fileRef = 2C68B5CC7F4A48EA60950D90 /* Pods_Xcup.framework */; };
/* End PBXBuildFile section */

/* Begin PBXContainerItemProxy section */
		5D8CC99A2DB548A500B61F48 /* PBXContainerItemProxy */ = {
			isa = PBXContainerItemProxy;
			containerPortal = 5D8CC9812DB548A400B61F48 /* Project object */;
			proxyType = 1;
			remoteGlobalIDString = 5D8CC9882DB548A400B61F48;
			remoteInfo = Xcup;
		};
		5D8CC9A42DB548A500B61F48 /* PBXContainerItemProxy */ = {
			isa = PBXContainerItemProxy;
			containerPortal = 5D8CC9812DB548A400B61F48 /* Project object */;
			proxyType = 1;
			remoteGlobalIDString = 5D8CC9882DB548A400B61F48;
			remoteInfo = Xcup;
		};
		843A898C2F864C43002A8D58 /* PBXContainerItemProxy */ = {
			isa = PBXContainerItemProxy;
			containerPortal = 5D8CC9812DB548A400B61F48 /* Project object */;
			proxyType = 1;
			remoteGlobalIDString = 843A89752F864C42002A8D58;
			remoteInfo = XcupBroadcast;
		};
/* End PBXContainerItemProxy section */

/* Begin PBXCopyFilesBuildPhase section */
		843A898F2F864C43002A8D58 /* Embed Foundation Extensions */ = {
			isa = PBXCopyFilesBuildPhase;
			buildActionMask = 2147483647;
			dstPath = "";
			dstSubfolderSpec = 13;
			files = (
				843A898E2F864C43002A8D58 /* XcupBroadcast.appex in Embed Foundation Extensions */,
			);
			name = "Embed Foundation Extensions";
			runOnlyForDeploymentPostprocessing = 0;
		};
/* End PBXCopyFilesBuildPhase section */

/* Begin PBXFileReference section */
		26AD4FD692DE31AA12AB43A3 /* Pods-Xcup.debug.xcconfig */ = {isa = PBXFileReference; includeInIndex = 1; lastKnownFileType = text.xcconfig; name = "Pods-Xcup.debug.xcconfig"; path = "Target Support Files/Pods-Xcup/Pods-Xcup.debug.xcconfig"; sourceTree = "<group>"; };
		2C68B5CC7F4A48EA60950D90 /* Pods_Xcup.framework */ = {isa = PBXFileReference; explicitFileType = wrapper.framework; includeInIndex = 0; path = Pods_Xcup.framework; sourceTree = BUILT_PRODUCTS_DIR; };
		5D8CC9892DB548A400B61F48 /* Xcup.app */ = {isa = PBXFileReference; explicitFileType = wrapper.application; includeInIndex = 0; path = Xcup.app; sourceTree = BUILT_PRODUCTS_DIR; };
		5D8CC9992DB548A500B61F48 /* XcupTests.xctest */ = {isa = PBXFileReference; explicitFileType = wrapper.cfbundle; includeInIndex = 0; path = XcupTests.xctest; sourceTree = BUILT_PRODUCTS_DIR; };
		5D8CC9A32DB548A500B61F48 /* XcupUITests.xctest */ = {isa = PBXFileReference; explicitFileType = wrapper.cfbundle; includeInIndex = 0; path = XcupUITests.xctest; sourceTree = BUILT_PRODUCTS_DIR; };
		6606228101D8F1891C35CB2B /* Pods-XcupTests.debug.xcconfig */ = {isa = PBXFileReference; includeInIndex = 1; lastKnownFileType = text.xcconfig; name = "Pods-XcupTests.debug.xcconfig"; path = "Target Support Files/Pods-XcupTests/Pods-XcupTests.debug.xcconfig"; sourceTree = "<group>"; };
		843A89762F864C42002A8D58 /* XcupBroadcast.appex */ = {isa = PBXFileReference; explicitFileType = "wrapper.app-extension"; includeInIndex = 0; path = XcupBroadcast.appex; sourceTree = BUILT_PRODUCTS_DIR; };
		843A89772F864C42002A8D58 /* ReplayKit.framework */ = {isa = PBXFileReference; lastKnownFileType = wrapper.framework; name = ReplayKit.framework; path = System/Library/Frameworks/ReplayKit.framework; sourceTree = SDKROOT; };
		843A89832F864C43002A8D58 /* UIKit.framework */ = {isa = PBXFileReference; lastKnownFileType = wrapper.framework; name = UIKit.framework; path = System/Library/Frameworks/UIKit.framework; sourceTree = SDKROOT; };
		946AB236A9BB96F859C7F322 /* Pods-Xcup-XcupUITests.release.xcconfig */ = {isa = PBXFileReference; includeInIndex = 1; lastKnownFileType = text.xcconfig; name = "Pods-Xcup-XcupUITests.release.xcconfig"; path = "Target Support Files/Pods-Xcup-XcupUITests/Pods-Xcup-XcupUITests.release.xcconfig"; sourceTree = "<group>"; };
		95BC2AFA15CF3345ABF60F22 /* Pods_XcupTests.framework */ = {isa = PBXFileReference; explicitFileType = wrapper.framework; includeInIndex = 0; path = Pods_XcupTests.framework; sourceTree = BUILT_PRODUCTS_DIR; };
		ACBC90BA671B6FFF639C9730 /* Pods-Xcup.release.xcconfig */ = {isa = PBXFileReference; includeInIndex = 1; lastKnownFileType = text.xcconfig; name = "Pods-Xcup.release.xcconfig"; path = "Target Support Files/Pods-Xcup/Pods-Xcup.release.xcconfig"; sourceTree = "<group>"; };
		B715C409F7EC12547C4B4ADB /* Pods-Xcup-XcupUITests.debug.xcconfig */ = {isa = PBXFileReference; includeInIndex = 1; lastKnownFileType = text.xcconfig; name = "Pods-Xcup-XcupUITests.debug.xcconfig"; path = "Target Support Files/Pods-Xcup-XcupUITests/Pods-Xcup-XcupUITests.debug.xcconfig"; sourceTree = "<group>"; };
		C64B9DD3E9E12BB4811280BC /* Pods_Xcup_XcupUITests.framework */ = {isa = PBXFileReference; explicitFileType = wrapper.framework; includeInIndex = 0; path = Pods_Xcup_XcupUITests.framework; sourceTree = BUILT_PRODUCTS_DIR; };
		F51ED8737EF30A4B65024545 /* Pods-XcupTests.release.xcconfig */ = {isa = PBXFileReference; includeInIndex = 1; lastKnownFileType = text.xcconfig; name = "Pods-XcupTests.release.xcconfig"; path = "Target Support Files/Pods-XcupTests/Pods-XcupTests.release.xcconfig"; sourceTree = "<group>"; };
/* End PBXFileReference section */

/* Begin PBXFileSystemSynchronizedBuildFileExceptionSet section */
		5D8377242DB76233008FC721 /* Exceptions for "Xcup" folder in "Xcup" target */ = {
			isa = PBXFileSystemSynchronizedBuildFileExceptionSet;
			membershipExceptions = (
				Info.plist,
			);
			target = 5D8CC9882DB548A400B61F48 /* Xcup */;
		};
/* End PBXFileSystemSynchronizedBuildFileExceptionSet section */

/* Begin PBXFileSystemSynchronizedRootGroup section */
		5D8CC98B2DB548A400B61F48 /* Xcup */ = {
			isa = PBXFileSystemSynchronizedRootGroup;
			exceptions = (
				5D8377242DB76233008FC721 /* Exceptions for "Xcup" folder in "Xcup" target */,
			);
			path = Xcup;
			sourceTree = "<group>";
		};
		5D8CC99C2DB548A500B61F48 /* XcupTests */ = {
			isa = PBXFileSystemSynchronizedRootGroup;
			path = XcupTests;
			sourceTree = "<group>";
		};
		5D8CC9A62DB548A500B61F48 /* XcupUITests */ = {
			isa = PBXFileSystemSynchronizedRootGroup;
			path = XcupUITests;
			sourceTree = "<group>";
		};
		843A89792F864C42002A8D58 /* XcupBroadcast */ = {
			isa = PBXFileSystemSynchronizedRootGroup;
			path = XcupBroadcast;
			sourceTree = "<group>";
		};
/* End PBXFileSystemSynchronizedRootGroup section */

/* Begin PBXFrameworksBuildPhase section */
		5D8CC9862DB548A400B61F48 /* Frameworks */ = {
			isa = PBXFrameworksBuildPhase;
			buildActionMask = 2147483647;
			files = (
				C4BC11F3513F1DF2263A1331 /* Pods_Xcup.framework in Frameworks */,
			);
			runOnlyForDeploymentPostprocessing = 0;
		};
		5D8CC9962DB548A500B61F48 /* Frameworks */ = {
			isa = PBXFrameworksBuildPhase;
			buildActionMask = 2147483647;
			files = (
				05F5BA9A5BAEE5DE9F5EC50D /* Pods_XcupTests.framework in Frameworks */,
			);
			runOnlyForDeploymentPostprocessing = 0;
		};
		5D8CC9A02DB548A500B61F48 /* Frameworks */ = {
			isa = PBXFrameworksBuildPhase;
			buildActionMask = 2147483647;
			files = (
				9795D5A45A48002E813E252A /* Pods_Xcup_XcupUITests.framework in Frameworks */,
			);
			runOnlyForDeploymentPostprocessing = 0;
		};
		843A89732F864C42002A8D58 /* Frameworks */ = {
			isa = PBXFrameworksBuildPhase;
			buildActionMask = 2147483647;
			files = (
				843A89782F864C42002A8D58 /* ReplayKit.framework in Frameworks */,
			);
			runOnlyForDeploymentPostprocessing = 0;
		};
/* End PBXFrameworksBuildPhase section */

/* Begin PBXGroup section */
		1E57A082EC85D690CB0509CC /* Frameworks */ = {
			isa = PBXGroup;
			children = (
				2C68B5CC7F4A48EA60950D90 /* Pods_Xcup.framework */,
				C64B9DD3E9E12BB4811280BC /* Pods_Xcup_XcupUITests.framework */,
				95BC2AFA15CF3345ABF60F22 /* Pods_XcupTests.framework */,
				843A89772F864C42002A8D58 /* ReplayKit.framework */,
				843A89832F864C43002A8D58 /* UIKit.framework */,
			);
			name = Frameworks;
			sourceTree = "<group>";
		};
		279904B3155684FF52480CA5 /* Pods */ = {
			isa = PBXGroup;
			children = (
				26AD4FD692DE31AA12AB43A3 /* Pods-Xcup.debug.xcconfig */,
				ACBC90BA671B6FFF639C9730 /* Pods-Xcup.release.xcconfig */,
				B715C409F7EC12547C4B4ADB /* Pods-Xcup-XcupUITests.debug.xcconfig */,
				946AB236A9BB96F859C7F322 /* Pods-Xcup-XcupUITests.release.xcconfig */,
				6606228101D8F1891C35CB2B /* Pods-XcupTests.debug.xcconfig */,
				F51ED8737EF30A4B65024545 /* Pods-XcupTests.release.xcconfig */,
			);
			path = Pods;
			sourceTree = "<group>";
		};
		5D8CC9802DB548A400B61F48 = {
			isa = PBXGroup;
			children = (
				5D8CC98B2DB548A400B61F48 /* Xcup */,
				5D8CC99C2DB548A500B61F48 /* XcupTests */,
				5D8CC9A62DB548A500B61F48 /* XcupUITests */,
				843A89792F864C42002A8D58 /* XcupBroadcast */,
				5D8CC98A2DB548A400B61F48 /* Products */,
				279904B3155684FF52480CA5 /* Pods */,
				1E57A082EC85D690CB0509CC /* Frameworks */,
			);
			sourceTree = "<group>";
		};
		5D8CC98A2DB548A400B61F48 /* Products */ = {
			isa = PBXGroup;
			children = (
				5D8CC9892DB548A400B61F48 /* Xcup.app */,
				5D8CC9992DB548A500B61F48 /* XcupTests.xctest */,
				5D8CC9A32DB548A500B61F48 /* XcupUITests.xctest */,
				843A89762F864C42002A8D58 /* XcupBroadcast.appex */,
			);
			name = Products;
			sourceTree = "<group>";
		};
/* End PBXGroup section */

/* Begin PBXNativeTarget section */
		5D8CC9882DB548A400B61F48 /* Xcup */ = {
			isa = PBXNativeTarget;
			buildConfigurationList = 5D8CC9AD2DB548A500B61F48 /* Build configuration list for PBXNativeTarget "Xcup" */;
			buildPhases = (
				072BC06D32C3D2EACA6E15F9 /* [CP] Check Pods Manifest.lock */,
				5D8CC9852DB548A400B61F48 /* Sources */,
				5D8CC9862DB548A400B61F48 /* Frameworks */,
				5D8CC9872DB548A400B61F48 /* Resources */,
				9E867C369DFB0F3105E31DCF /* [CP] Embed Pods Frameworks */,
				C4E857A4CDC1D09ADB75AC94 /* [CP] Copy Pods Resources */,
				843A898F2F864C43002A8D58 /* Embed Foundation Extensions */,
			);
			buildRules = (
			);
			dependencies = (
				843A898D2F864C43002A8D58 /* PBXTargetDependency */,
			);
			fileSystemSynchronizedGroups = (
				5D8CC98B2DB548A400B61F48 /* Xcup */,
			);
			name = Xcup;
			productName = Xcup;
			productReference = 5D8CC9892DB548A400B61F48 /* Xcup.app */;
			productType = "com.apple.product-type.application";
		};
		5D8CC9982DB548A500B61F48 /* XcupTests */ = {
			isa = PBXNativeTarget;
			buildConfigurationList = 5D8CC9B02DB548A500B61F48 /* Build configuration list for PBXNativeTarget "XcupTests" */;
			buildPhases = (
				CE580694E384CDEADE1098F6 /* [CP] Check Pods Manifest.lock */,
				5D8CC9952DB548A500B61F48 /* Sources */,
				5D8CC9962DB548A500B61F48 /* Frameworks */,
				5D8CC9972DB548A500B61F48 /* Resources */,
			);
			buildRules = (
			);
			dependencies = (
				5D8CC99B2DB548A500B61F48 /* PBXTargetDependency */,
			);
			fileSystemSynchronizedGroups = (
				5D8CC99C2DB548A500B61F48 /* XcupTests */,
			);
			name = XcupTests;
			productName = XcupTests;
			productReference = 5D8CC9992DB548A500B61F48 /* XcupTests.xctest */;
			productType = "com.apple.product-type.bundle.unit-test";
		};
		5D8CC9A22DB548A500B61F48 /* XcupUITests */ = {
			isa = PBXNativeTarget;
			buildConfigurationList = 5D8CC9B32DB548A500B61F48 /* Build configuration list for PBXNativeTarget "XcupUITests" */;
			buildPhases = (
				F90C45FB2D5CFF9DB27B046E /* [CP] Check Pods Manifest.lock */,
				5D8CC99F2DB548A500B61F48 /* Sources */,
				5D8CC9A02DB548A500B61F48 /* Frameworks */,
				5D8CC9A12DB548A500B61F48 /* Resources */,
				5033A82BEC4327F0F0DCD954 /* [CP] Embed Pods Frameworks */,
				001F6FF32EA87B8407084297 /* [CP] Copy Pods Resources */,
			);
			buildRules = (
			);
			dependencies = (
				5D8CC9A52DB548A500B61F48 /* PBXTargetDependency */,
			);
			fileSystemSynchronizedGroups = (
				5D8CC9A62DB548A500B61F48 /* XcupUITests */,
			);
			name = XcupUITests;
			productName = XcupUITests;
			productReference = 5D8CC9A32DB548A500B61F48 /* XcupUITests.xctest */;
			productType = "com.apple.product-type.bundle.ui-testing";
		};
		843A89752F864C42002A8D58 /* XcupBroadcast */ = {
			isa = PBXNativeTarget;
			buildConfigurationList = 843A89962F864C43002A8D58 /* Build configuration list for PBXNativeTarget "XcupBroadcast" */;
			buildPhases = (
				843A89722F864C42002A8D58 /* Sources */,
				843A89732F864C42002A8D58 /* Frameworks */,
				843A89742F864C42002A8D58 /* Resources */,
			);
			buildRules = (
			);
			dependencies = (
			);
			fileSystemSynchronizedGroups = (
				843A89792F864C42002A8D58 /* XcupBroadcast */,
			);
			name = XcupBroadcast;
			productName = XcupBroadcast;
			productReference = 843A89762F864C42002A8D58 /* XcupBroadcast.appex */;
			productType = "com.apple.product-type.app-extension";
		};
/* End PBXNativeTarget section */

/* Begin PBXProject section */
		5D8CC9812DB548A400B61F48 /* Project object */ = {
			isa = PBXProject;
			attributes = {
				BuildIndependentTargetsInParallel = 1;
				LastSwiftUpdateCheck = 2620;
				LastUpgradeCheck = 1620;
				TargetAttributes = {
					5D8CC9882DB548A400B61F48 = {
						CreatedOnToolsVersion = 16.2;
					};
					5D8CC9982DB548A500B61F48 = {
						CreatedOnToolsVersion = 16.2;
						TestTargetID = 5D8CC9882DB548A400B61F48;
					};
					5D8CC9A22DB548A500B61F48 = {
						CreatedOnToolsVersion = 16.2;
						TestTargetID = 5D8CC9882DB548A400B61F48;
					};
					843A89752F864C42002A8D58 = {
						CreatedOnToolsVersion = 26.2;
					};
				};
			};
			buildConfigurationList = 5D8CC9842DB548A400B61F48 /* Build configuration list for PBXProject "Xcup" */;
			developmentRegion = en;
			hasScannedForEncodings = 0;
			knownRegions = (
				en,
				Base,
			);
			mainGroup = 5D8CC9802DB548A400B61F48;
			minimizedProjectReferenceProxies = 1;
			preferredProjectObjectVersion = 77;
			productRefGroup = 5D8CC98A2DB548A400B61F48 /* Products */;
			projectDirPath = "";
			projectRoot = "";
			targets = (
				5D8CC9882DB548A400B61F48 /* Xcup */,
				5D8CC9982DB548A500B61F48 /* XcupTests */,
				5D8CC9A22DB548A500B61F48 /* XcupUITests */,
				843A89752F864C42002A8D58 /* XcupBroadcast */,
			);
		};
/* End PBXProject section */

/* Begin PBXResourcesBuildPhase section */
		5D8CC9872DB548A400B61F48 /* Resources */ = {
			isa = PBXResourcesBuildPhase;
			buildActionMask = 2147483647;
			files = (
			);
			runOnlyForDeploymentPostprocessing = 0;
		};
		5D8CC9972DB548A500B61F48 /* Resources */ = {
			isa = PBXResourcesBuildPhase;
			buildActionMask = 2147483647;
			files = (
			);
			runOnlyForDeploymentPostprocessing = 0;
		};
		5D8CC9A12DB548A500B61F48 /* Resources */ = {
			isa = PBXResourcesBuildPhase;
			buildActionMask = 2147483647;
			files = (
			);
			runOnlyForDeploymentPostprocessing = 0;
		};
		843A89742F864C42002A8D58 /* Resources */ = {
			isa = PBXResourcesBuildPhase;
			buildActionMask = 2147483647;
			files = (
			);
			runOnlyForDeploymentPostprocessing = 0;
		};
/* End PBXResourcesBuildPhase section */

/* Begin PBXShellScriptBuildPhase section */
		001F6FF32EA87B8407084297 /* [CP] Copy Pods Resources */ = {
			isa = PBXShellScriptBuildPhase;
			buildActionMask = 2147483647;
			files = (
			);
			inputFileListPaths = (
				"${PODS_ROOT}/Target Support Files/Pods-Xcup-XcupUITests/Pods-Xcup-XcupUITests-resources-${CONFIGURATION}-input-files.xcfilelist",
			);
			inputPaths = (
			);
			name = "[CP] Copy Pods Resources";
			outputFileListPaths = (
				"${PODS_ROOT}/Target Support Files/Pods-Xcup-XcupUITests/Pods-Xcup-XcupUITests-resources-${CONFIGURATION}-output-files.xcfilelist",
			);
			outputPaths = (
			);
			runOnlyForDeploymentPostprocessing = 0;
			shellPath = /bin/sh;
			shellScript = "\"${PODS_ROOT}/Target Support Files/Pods-Xcup-XcupUITests/Pods-Xcup-XcupUITests-resources.sh\"\n";
			showEnvVarsInLog = 0;
		};
		072BC06D32C3D2EACA6E15F9 /* [CP] Check Pods Manifest.lock */ = {
			isa = PBXShellScriptBuildPhase;
			buildActionMask = 2147483647;
			files = (
			);
			inputFileListPaths = (
			);
			inputPaths = (
				"${PODS_PODFILE_DIR_PATH}/Podfile.lock",
				"${PODS_ROOT}/Manifest.lock",
			);
			name = "[CP] Check Pods Manifest.lock";
			outputFileListPaths = (
			);
			outputPaths = (
				"$(DERIVED_FILE_DIR)/Pods-Xcup-checkManifestLockResult.txt",
			);
			runOnlyForDeploymentPostprocessing = 0;
			shellPath = /bin/sh;
			shellScript = "diff \"${PODS_PODFILE_DIR_PATH}/Podfile.lock\" \"${PODS_ROOT}/Manifest.lock\" > /dev/null\nif [ $? != 0 ] ; then\n    # print error to STDERR\n    echo \"error: The sandbox is not in sync with the Podfile.lock. Run 'pod install' or update your CocoaPods installation.\" >&2\n    exit 1\nfi\n# This output is used by Xcode 'outputs' to avoid re-running this script phase.\necho \"SUCCESS\" > \"${SCRIPT_OUTPUT_FILE_0}\"\n";
			showEnvVarsInLog = 0;
		};
		5033A82BEC4327F0F0DCD954 /* [CP] Embed Pods Frameworks */ = {
			isa = PBXShellScriptBuildPhase;
			buildActionMask = 2147483647;
			files = (
			);
			inputFileListPaths = (
				"${PODS_ROOT}/Target Support Files/Pods-Xcup-XcupUITests/Pods-Xcup-XcupUITests-frameworks-${CONFIGURATION}-input-files.xcfilelist",
			);
			inputPaths = (
			);
			name = "[CP] Embed Pods Frameworks";
			outputFileListPaths = (
				"${PODS_ROOT}/Target Support Files/Pods-Xcup-XcupUITests/Pods-Xcup-XcupUITests-frameworks-${CONFIGURATION}-output-files.xcfilelist",
			);
			outputPaths = (
			);
			runOnlyForDeploymentPostprocessing = 0;
			shellPath = /bin/sh;
			shellScript = "\"${PODS_ROOT}/Target Support Files/Pods-Xcup-XcupUITests/Pods-Xcup-XcupUITests-frameworks.sh\"\n";
			showEnvVarsInLog = 0;
		};
		9E867C369DFB0F3105E31DCF /* [CP] Embed Pods Frameworks */ = {
			isa = PBXShellScriptBuildPhase;
			buildActionMask = 2147483647;
			files = (
			);
			inputFileListPaths = (
				"${PODS_ROOT}/Target Support Files/Pods-Xcup/Pods-Xcup-frameworks-${CONFIGURATION}-input-files.xcfilelist",
			);
			inputPaths = (
			);
			name = "[CP] Embed Pods Frameworks";
			outputFileListPaths = (
				"${PODS_ROOT}/Target Support Files/Pods-Xcup/Pods-Xcup-frameworks-${CONFIGURATION}-output-files.xcfilelist",
			);
			outputPaths = (
			);
			runOnlyForDeploymentPostprocessing = 0;
			shellPath = /bin/sh;
			shellScript = "\"${PODS_ROOT}/Target Support Files/Pods-Xcup/Pods-Xcup-frameworks.sh\"\n";
			showEnvVarsInLog = 0;
		};
		C4E857A4CDC1D09ADB75AC94 /* [CP] Copy Pods Resources */ = {
			isa = PBXShellScriptBuildPhase;
			buildActionMask = 2147483647;
			files = (
			);
			inputFileListPaths = (
				"${PODS_ROOT}/Target Support Files/Pods-Xcup/Pods-Xcup-resources-${CONFIGURATION}-input-files.xcfilelist",
			);
			inputPaths = (
			);
			name = "[CP] Copy Pods Resources";
			outputFileListPaths = (
				"${PODS_ROOT}/Target Support Files/Pods-Xcup/Pods-Xcup-resources-${CONFIGURATION}-output-files.xcfilelist",
			);
			outputPaths = (
			);
			runOnlyForDeploymentPostprocessing = 0;
			shellPath = /bin/sh;
			shellScript = "\"${PODS_ROOT}/Target Support Files/Pods-Xcup/Pods-Xcup-resources.sh\"\n";
			showEnvVarsInLog = 0;
		};
		CE580694E384CDEADE1098F6 /* [CP] Check Pods Manifest.lock */ = {
			isa = PBXShellScriptBuildPhase;
			buildActionMask = 2147483647;
			files = (
			);
			inputFileListPaths = (
			);
			inputPaths = (
				"${PODS_PODFILE_DIR_PATH}/Podfile.lock",
				"${PODS_ROOT}/Manifest.lock",
			);
			name = "[CP] Check Pods Manifest.lock";
			outputFileListPaths = (
			);
			outputPaths = (
				"$(DERIVED_FILE_DIR)/Pods-XcupTests-checkManifestLockResult.txt",
			);
			runOnlyForDeploymentPostprocessing = 0;
			shellPath = /bin/sh;
			shellScript = "diff \"${PODS_PODFILE_DIR_PATH}/Podfile.lock\" \"${PODS_ROOT}/Manifest.lock\" > /dev/null\nif [ $? != 0 ] ; then\n    # print error to STDERR\n    echo \"error: The sandbox is not in sync with the Podfile.lock. Run 'pod install' or update your CocoaPods installation.\" >&2\n    exit 1\nfi\n# This output is used by Xcode 'outputs' to avoid re-running this script phase.\necho \"SUCCESS\" > \"${SCRIPT_OUTPUT_FILE_0}\"\n";
			showEnvVarsInLog = 0;
		};
		F90C45FB2D5CFF9DB27B046E /* [CP] Check Pods Manifest.lock */ = {
			isa = PBXShellScriptBuildPhase;
			buildActionMask = 2147483647;
			files = (
			);
			inputFileListPaths = (
			);
			inputPaths = (
				"${PODS_PODFILE_DIR_PATH}/Podfile.lock",
				"${PODS_ROOT}/Manifest.lock",
			);
			name = "[CP] Check Pods Manifest.lock";
			outputFileListPaths = (
			);
			outputPaths = (
				"$(DERIVED_FILE_DIR)/Pods-Xcup-XcupUITests-checkManifestLockResult.txt",
			);
			runOnlyForDeploymentPostprocessing = 0;
			shellPath = /bin/sh;
			shellScript = "diff \"${PODS_PODFILE_DIR_PATH}/Podfile.lock\" \"${PODS_ROOT}/Manifest.lock\" > /dev/null\nif [ $? != 0 ] ; then\n    # print error to STDERR\n    echo \"error: The sandbox is not in sync with the Podfile.lock. Run 'pod install' or update your CocoaPods installation.\" >&2\n    exit 1\nfi\n# This output is used by Xcode 'outputs' to avoid re-running this script phase.\necho \"SUCCESS\" > \"${SCRIPT_OUTPUT_FILE_0}\"\n";
			showEnvVarsInLog = 0;
		};
/* End PBXShellScriptBuildPhase section */

/* Begin PBXSourcesBuildPhase section */
		5D8CC9852DB548A400B61F48 /* Sources */ = {
			isa = PBXSourcesBuildPhase;
			buildActionMask = 2147483647;
			files = (
			);
			runOnlyForDeploymentPostprocessing = 0;
		};
		5D8CC9952DB548A500B61F48 /* Sources */ = {
			isa = PBXSourcesBuildPhase;
			buildActionMask = 2147483647;
			files = (
			);
			runOnlyForDeploymentPostprocessing = 0;
		};
		5D8CC99F2DB548A500B61F48 /* Sources */ = {
			isa = PBXSourcesBuildPhase;
			buildActionMask = 2147483647;
			files = (
			);
			runOnlyForDeploymentPostprocessing = 0;
		};
		843A89722F864C42002A8D58 /* Sources */ = {
			isa = PBXSourcesBuildPhase;
			buildActionMask = 2147483647;
			files = (
			);
			runOnlyForDeploymentPostprocessing = 0;
		};
/* End PBXSourcesBuildPhase section */

/* Begin PBXTargetDependency section */
		5D8CC99B2DB548A500B61F48 /* PBXTargetDependency */ = {
			isa = PBXTargetDependency;
			target = 5D8CC9882DB548A400B61F48 /* Xcup */;
			targetProxy = 5D8CC99A2DB548A500B61F48 /* PBXContainerItemProxy */;
		};
		5D8CC9A52DB548A500B61F48 /* PBXTargetDependency */ = {
			isa = PBXTargetDependency;
			target = 5D8CC9882DB548A400B61F48 /* Xcup */;
			targetProxy = 5D8CC9A42DB548A500B61F48 /* PBXContainerItemProxy */;
		};
		843A898D2F864C43002A8D58 /* PBXTargetDependency */ = {
			isa = PBXTargetDependency;
			target = 843A89752F864C42002A8D58 /* XcupBroadcast */;
			targetProxy = 843A898C2F864C43002A8D58 /* PBXContainerItemProxy */;
		};
/* End PBXTargetDependency section */

/* Begin XCBuildConfiguration section */
		5D8CC9AB2DB548A500B61F48 /* Debug */ = {
			isa = XCBuildConfiguration;
			buildSettings = {
				ALWAYS_SEARCH_USER_PATHS = NO;
				ASSETCATALOG_COMPILER_GENERATE_SWIFT_ASSET_SYMBOL_EXTENSIONS = YES;
				CLANG_ANALYZER_NONNULL = YES;
				CLANG_ANALYZER_NUMBER_OBJECT_CONVERSION = YES_AGGRESSIVE;
				CLANG_CXX_LANGUAGE_STANDARD = "gnu++20";
				CLANG_ENABLE_MODULES = YES;
				CLANG_ENABLE_OBJC_ARC = YES;
				CLANG_ENABLE_OBJC_WEAK = YES;
				CLANG_WARN_BLOCK_CAPTURE_AUTORELEASING = YES;
				CLANG_WARN_BOOL_CONVERSION = YES;
				CLANG_WARN_COMMA = YES;
				CLANG_WARN_CONSTANT_CONVERSION = YES;
				CLANG_WARN_DEPRECATED_OBJC_IMPLEMENTATIONS = YES;
				CLANG_WARN_DIRECT_OBJC_ISA_USAGE = YES_ERROR;
				CLANG_WARN_DOCUMENTATION_COMMENTS = YES;
				CLANG_WARN_EMPTY_BODY = YES;
				CLANG_WARN_ENUM_CONVERSION = YES;
				CLANG_WARN_INFINITE_RECURSION = YES;
				CLANG_WARN_INT_CONVERSION = YES;
				CLANG_WARN_NON_LITERAL_NULL_CONVERSION = YES;
				CLANG_WARN_OBJC_IMPLICIT_RETAIN_SELF = YES;
				CLANG_WARN_OBJC_LITERAL_CONVERSION = YES;
				CLANG_WARN_OBJC_ROOT_CLASS = YES_ERROR;
				CLANG_WARN_QUOTED_INCLUDE_IN_FRAMEWORK_HEADER = YES;
				CLANG_WARN_RANGE_LOOP_ANALYSIS = YES;
				CLANG_WARN_STRICT_PROTOTYPES = YES;
				CLANG_WARN_SUSPICIOUS_MOVE = YES;
				CLANG_WARN_UNGUARDED_AVAILABILITY = YES_AGGRESSIVE;
				CLANG_WARN_UNREACHABLE_CODE = YES;
				CLANG_WARN__DUPLICATE_METHOD_MATCH = YES;
				COPY_PHASE_STRIP = NO;
				DEBUG_INFORMATION_FORMAT = dwarf;
				ENABLE_STRICT_OBJC_MSGSEND = YES;
				ENABLE_TESTABILITY = YES;
				ENABLE_USER_SCRIPT_SANDBOXING = NO;
				GCC_C_LANGUAGE_STANDARD = gnu17;
				GCC_DYNAMIC_NO_PIC = NO;
				GCC_NO_COMMON_BLOCKS = YES;
				GCC_OPTIMIZATION_LEVEL = 0;
				GCC_PREPROCESSOR_DEFINITIONS = (
					"DEBUG=1",
					"$(inherited)",
				);
				GCC_WARN_64_TO_32_BIT_CONVERSION = YES;
				GCC_WARN_ABOUT_RETURN_TYPE = YES_ERROR;
				GCC_WARN_UNDECLARED_SELECTOR = YES;
				GCC_WARN_UNINITIALIZED_AUTOS = YES_AGGRESSIVE;
				GCC_WARN_UNUSED_FUNCTION = YES;
				GCC_WARN_UNUSED_VARIABLE = YES;
				IPHONEOS_DEPLOYMENT_TARGET = 18.2;
				LOCALIZATION_PREFERS_STRING_CATALOGS = YES;
				MTL_ENABLE_DEBUG_INFO = INCLUDE_SOURCE;
				MTL_FAST_MATH = YES;
				ONLY_ACTIVE_ARCH = YES;
				SDKROOT = iphoneos;
				SWIFT_ACTIVE_COMPILATION_CONDITIONS = "DEBUG $(inherited)";
				SWIFT_OPTIMIZATION_LEVEL = "-Onone";
			};
			name = Debug;
		};
		5D8CC9AC2DB548A500B61F48 /* Release */ = {
			isa = XCBuildConfiguration;
			buildSettings = {
				ALWAYS_SEARCH_USER_PATHS = NO;
				ASSETCATALOG_COMPILER_GENERATE_SWIFT_ASSET_SYMBOL_EXTENSIONS = YES;
				CLANG_ANALYZER_NONNULL = YES;
				CLANG_ANALYZER_NUMBER_OBJECT_CONVERSION = YES_AGGRESSIVE;
				CLANG_CXX_LANGUAGE_STANDARD = "gnu++20";
				CLANG_ENABLE_MODULES = YES;
				CLANG_ENABLE_OBJC_ARC = YES;
				CLANG_ENABLE_OBJC_WEAK = YES;
				CLANG_WARN_BLOCK_CAPTURE_AUTORELEASING = YES;
				CLANG_WARN_BOOL_CONVERSION = YES;
				CLANG_WARN_COMMA = YES;
				CLANG_WARN_CONSTANT_CONVERSION = YES;
				CLANG_WARN_DEPRECATED_OBJC_IMPLEMENTATIONS = YES;
				CLANG_WARN_DIRECT_OBJC_ISA_USAGE = YES_ERROR;
				CLANG_WARN_DOCUMENTATION_COMMENTS = YES;
				CLANG_WARN_EMPTY_BODY = YES;
				CLANG_WARN_ENUM_CONVERSION = YES;
				CLANG_WARN_INFINITE_RECURSION = YES;
				CLANG_WARN_INT_CONVERSION = YES;
				CLANG_WARN_NON_LITERAL_NULL_CONVERSION = YES;
				CLANG_WARN_OBJC_IMPLICIT_RETAIN_SELF = YES;
				CLANG_WARN_OBJC_LITERAL_CONVERSION = YES;
				CLANG_WARN_OBJC_ROOT_CLASS = YES_ERROR;
				CLANG_WARN_QUOTED_INCLUDE_IN_FRAMEWORK_HEADER = YES;
				CLANG_WARN_RANGE_LOOP_ANALYSIS = YES;
				CLANG_WARN_STRICT_PROTOTYPES = YES;
				CLANG_WARN_SUSPICIOUS_MOVE = YES;
				CLANG_WARN_UNGUARDED_AVAILABILITY = YES_AGGRESSIVE;
				CLANG_WARN_UNREACHABLE_CODE = YES;
				CLANG_WARN__DUPLICATE_METHOD_MATCH = YES;
				COPY_PHASE_STRIP = NO;
				DEBUG_INFORMATION_FORMAT = "dwarf-with-dsym";
				ENABLE_NS_ASSERTIONS = NO;
				ENABLE_STRICT_OBJC_MSGSEND = YES;
				ENABLE_USER_SCRIPT_SANDBOXING = NO;
				GCC_C_LANGUAGE_STANDARD = gnu17;
				GCC_NO_COMMON_BLOCKS = YES;
				GCC_WARN_64_TO_32_BIT_CONVERSION = YES;
				GCC_WARN_ABOUT_RETURN_TYPE = YES_ERROR;
				GCC_WARN_UNDECLARED_SELECTOR = YES;
				GCC_WARN_UNINITIALIZED_AUTOS = YES_AGGRESSIVE;
				GCC_WARN_UNUSED_FUNCTION = YES;
				GCC_WARN_UNUSED_VARIABLE = YES;
				IPHONEOS_DEPLOYMENT_TARGET = 18.2;
				LOCALIZATION_PREFERS_STRING_CATALOGS = YES;
				MTL_ENABLE_DEBUG_INFO = NO;
				MTL_FAST_MATH = YES;
				SDKROOT = iphoneos;
				SWIFT_COMPILATION_MODE = wholemodule;
				VALIDATE_PRODUCT = YES;
			};
			name = Release;
		};
		5D8CC9AE2DB548A500B61F48 /* Debug */ = {
			isa = XCBuildConfiguration;
			baseConfigurationReference = 26AD4FD692DE31AA12AB43A3 /* Pods-Xcup.debug.xcconfig */;
			buildSettings = {
				ASSETCATALOG_COMPILER_APPICON_NAME = AppIcon;
				ASSETCATALOG_COMPILER_GLOBAL_ACCENT_COLOR_NAME = AccentColor;
				CODE_SIGN_ENTITLEMENTS = Xcup/Xcup.entitlements;
				CODE_SIGN_STYLE = Automatic;
				CURRENT_PROJECT_VERSION = 1;
				DEVELOPMENT_ASSET_PATHS = "\"Xcup/Preview Content\"";
				DEVELOPMENT_TEAM = 3NH4F395TU;
				ENABLE_PREVIEWS = YES;
				GENERATE_INFOPLIST_FILE = YES;
				INFOPLIST_FILE = Xcup/Info.plist;
				INFOPLIST_KEY_NSBluetoothAlwaysUsageDescription = "本应用需要使用蓝牙来连接和控制智能设备";
				INFOPLIST_KEY_NSBluetoothPeripheralUsageDescription = "本应用需要使用蓝牙来连接和控制智能设备";
				INFOPLIST_KEY_NSMicrophoneUsageDescription = "在线模式使用 ReplayKit 录制屏幕与系统音频时需要麦克风权限（仅采集应用音频，不录制麦克风）";
				INFOPLIST_KEY_NSPhotoLibraryUsageDescription = "需要访问相册以选择视频进行分析";
				INFOPLIST_KEY_UIApplicationSupportsIndirectInputEvents = YES;
				INFOPLIST_KEY_UILaunchScreen_Generation = YES;
				INFOPLIST_KEY_UISupportedInterfaceOrientations_iPad = "UIInterfaceOrientationPortrait UIInterfaceOrientationPortraitUpsideDown UIInterfaceOrientationLandscapeLeft UIInterfaceOrientationLandscapeRight";
				INFOPLIST_KEY_UISupportedInterfaceOrientations_iPhone = "UIInterfaceOrientationPortrait UIInterfaceOrientationLandscapeLeft UIInterfaceOrientationLandscapeRight";
				IPHONEOS_DEPLOYMENT_TARGET = 17.6;
				LD_RUNPATH_SEARCH_PATHS = (
					"$(inherited)",
					"@executable_path/Frameworks",
				);
				MARKETING_VERSION = 1.1.5;
				PRODUCT_BUNDLE_IDENTIFIER = com.aibei.Xcup;
				PRODUCT_NAME = "$(TARGET_NAME)";
				SWIFT_EMIT_LOC_STRINGS = YES;
				SWIFT_VERSION = 5.0;
				TARGETED_DEVICE_FAMILY = "1,2";
			};
			name = Debug;
		};
		5D8CC9AF2DB548A500B61F48 /* Release */ = {
			isa = XCBuildConfiguration;
			baseConfigurationReference = ACBC90BA671B6FFF639C9730 /* Pods-Xcup.release.xcconfig */;
			buildSettings = {
				ASSETCATALOG_COMPILER_APPICON_NAME = AppIcon;
				ASSETCATALOG_COMPILER_GLOBAL_ACCENT_COLOR_NAME = AccentColor;
				CODE_SIGN_ENTITLEMENTS = Xcup/Xcup.entitlements;
				CODE_SIGN_IDENTITY = "Apple Development";
				CODE_SIGN_STYLE = Automatic;
				CURRENT_PROJECT_VERSION = 1;
				DEVELOPMENT_ASSET_PATHS = "\"Xcup/Preview Content\"";
				DEVELOPMENT_TEAM = 3NH4F395TU;
				ENABLE_PREVIEWS = YES;
				GENERATE_INFOPLIST_FILE = YES;
				INFOPLIST_FILE = Xcup/Info.plist;
				INFOPLIST_KEY_NSBluetoothAlwaysUsageDescription = "本应用需要使用蓝牙来连接和控制智能设备";
				INFOPLIST_KEY_NSBluetoothPeripheralUsageDescription = "本应用需要使用蓝牙来连接和控制智能设备";
				INFOPLIST_KEY_NSMicrophoneUsageDescription = "在线模式使用 ReplayKit 录制屏幕与系统音频时需要麦克风权限（仅采集应用音频，不录制麦克风）";
				INFOPLIST_KEY_NSPhotoLibraryUsageDescription = "需要访问相册以选择视频进行分析";
				INFOPLIST_KEY_UIApplicationSupportsIndirectInputEvents = YES;
				INFOPLIST_KEY_UILaunchScreen_Generation = YES;
				INFOPLIST_KEY_UISupportedInterfaceOrientations_iPad = "UIInterfaceOrientationPortrait UIInterfaceOrientationPortraitUpsideDown UIInterfaceOrientationLandscapeLeft UIInterfaceOrientationLandscapeRight";
				INFOPLIST_KEY_UISupportedInterfaceOrientations_iPhone = "UIInterfaceOrientationPortrait UIInterfaceOrientationLandscapeLeft UIInterfaceOrientationLandscapeRight";
				IPHONEOS_DEPLOYMENT_TARGET = 17.6;
				LD_RUNPATH_SEARCH_PATHS = (
					"$(inherited)",
					"@executable_path/Frameworks",
				);
				MARKETING_VERSION = 1.1.5;
				PRODUCT_BUNDLE_IDENTIFIER = com.aibei.Xcup;
				PRODUCT_NAME = "$(TARGET_NAME)";
				SWIFT_EMIT_LOC_STRINGS = YES;
				SWIFT_VERSION = 5.0;
				TARGETED_DEVICE_FAMILY = "1,2";
			};
			name = Release;
		};
		5D8CC9B12DB548A500B61F48 /* Debug */ = {
			isa = XCBuildConfiguration;
			baseConfigurationReference = 6606228101D8F1891C35CB2B /* Pods-XcupTests.debug.xcconfig */;
			buildSettings = {
				BUNDLE_LOADER = "$(TEST_HOST)";
				CODE_SIGN_STYLE = Automatic;
				CURRENT_PROJECT_VERSION = 1;
				GENERATE_INFOPLIST_FILE = YES;
				IPHONEOS_DEPLOYMENT_TARGET = 18.2;
				MARKETING_VERSION = 1.0;
				PRODUCT_BUNDLE_IDENTIFIER = com.aibei.XcupTests;
				PRODUCT_NAME = "$(TARGET_NAME)";
				SWIFT_EMIT_LOC_STRINGS = NO;
				SWIFT_VERSION = 5.0;
				TARGETED_DEVICE_FAMILY = "1,2";
				TEST_HOST = "$(BUILT_PRODUCTS_DIR)/Xcup.app/$(BUNDLE_EXECUTABLE_FOLDER_PATH)/Xcup";
			};
			name = Debug;
		};
		5D8CC9B22DB548A500B61F48 /* Release */ = {
			isa = XCBuildConfiguration;
			baseConfigurationReference = F51ED8737EF30A4B65024545 /* Pods-XcupTests.release.xcconfig */;
			buildSettings = {
				BUNDLE_LOADER = "$(TEST_HOST)";
				CODE_SIGN_STYLE = Automatic;
				CURRENT_PROJECT_VERSION = 1;
				GENERATE_INFOPLIST_FILE = YES;
				IPHONEOS_DEPLOYMENT_TARGET = 18.2;
				MARKETING_VERSION = 1.0;
				PRODUCT_BUNDLE_IDENTIFIER = com.aibei.XcupTests;
				PRODUCT_NAME = "$(TARGET_NAME)";
				SWIFT_EMIT_LOC_STRINGS = NO;
				SWIFT_VERSION = 5.0;
				TARGETED_DEVICE_FAMILY = "1,2";
				TEST_HOST = "$(BUILT_PRODUCTS_DIR)/Xcup.app/$(BUNDLE_EXECUTABLE_FOLDER_PATH)/Xcup";
			};
			name = Release;
		};
		5D8CC9B42DB548A500B61F48 /* Debug */ = {
			isa = XCBuildConfiguration;
			baseConfigurationReference = B715C409F7EC12547C4B4ADB /* Pods-Xcup-XcupUITests.debug.xcconfig */;
			buildSettings = {
				CODE_SIGN_STYLE = Automatic;
				CURRENT_PROJECT_VERSION = 1;
				GENERATE_INFOPLIST_FILE = YES;
				MARKETING_VERSION = 1.0;
				PRODUCT_BUNDLE_IDENTIFIER = com.aibei.XcupUITests;
				PRODUCT_NAME = "$(TARGET_NAME)";
				SWIFT_EMIT_LOC_STRINGS = NO;
				SWIFT_VERSION = 5.0;
				TARGETED_DEVICE_FAMILY = "1,2";
				TEST_TARGET_NAME = Xcup;
			};
			name = Debug;
		};
		5D8CC9B52DB548A500B61F48 /* Release */ = {
			isa = XCBuildConfiguration;
			baseConfigurationReference = 946AB236A9BB96F859C7F322 /* Pods-Xcup-XcupUITests.release.xcconfig */;
			buildSettings = {
				CODE_SIGN_STYLE = Automatic;
				CURRENT_PROJECT_VERSION = 1;
				GENERATE_INFOPLIST_FILE = YES;
				MARKETING_VERSION = 1.0;
				PRODUCT_BUNDLE_IDENTIFIER = com.aibei.XcupUITests;
				PRODUCT_NAME = "$(TARGET_NAME)";
				SWIFT_EMIT_LOC_STRINGS = NO;
				SWIFT_VERSION = 5.0;
				TARGETED_DEVICE_FAMILY = "1,2";
				TEST_TARGET_NAME = Xcup;
			};
			name = Release;
		};
		843A89902F864C43002A8D58 /* Debug */ = {
			isa = XCBuildConfiguration;
			buildSettings = {
				CODE_SIGN_ENTITLEMENTS = XcupBroadcast/XcupBroadcast.entitlements;
				CODE_SIGN_STYLE = Automatic;
				CURRENT_PROJECT_VERSION = 1;
				DEVELOPMENT_TEAM = 3NH4F395TU;
				ENABLE_USER_SCRIPT_SANDBOXING = YES;
				EXCLUDED_SOURCE_FILE_NAMES = Info.plist;
				GENERATE_INFOPLIST_FILE = NO;
				INFOPLIST_FILE = XcupBroadcast/Info.plist;
				INFOPLIST_KEY_CFBundleDisplayName = XcupBroadcast;
				INFOPLIST_KEY_NSHumanReadableCopyright = "";
				IPHONEOS_DEPLOYMENT_TARGET = 17.6;
				LD_RUNPATH_SEARCH_PATHS = (
					"$(inherited)",
					"@executable_path/Frameworks",
					"@executable_path/../../Frameworks",
				);
				MARKETING_VERSION = 1.0;
				PRODUCT_BUNDLE_IDENTIFIER = com.aibei.Xcup.XcupBroadcast;
				PRODUCT_NAME = "$(TARGET_NAME)";
				SKIP_INSTALL = YES;
				STRING_CATALOG_GENERATE_SYMBOLS = YES;
				SWIFT_APPROACHABLE_CONCURRENCY = YES;
				SWIFT_EMIT_LOC_STRINGS = YES;
				SWIFT_UPCOMING_FEATURE_MEMBER_IMPORT_VISIBILITY = YES;
				SWIFT_VERSION = 5.0;
				TARGETED_DEVICE_FAMILY = "1,2";
			};
			name = Debug;
		};
		843A89912F864C43002A8D58 /* Release */ = {
			isa = XCBuildConfiguration;
			buildSettings = {
				CODE_SIGN_ENTITLEMENTS = XcupBroadcast/XcupBroadcast.entitlements;
				CODE_SIGN_IDENTITY = "Apple Development";
				CODE_SIGN_STYLE = Automatic;
				CURRENT_PROJECT_VERSION = 1;
				DEVELOPMENT_TEAM = 3NH4F395TU;
				ENABLE_USER_SCRIPT_SANDBOXING = YES;
				EXCLUDED_SOURCE_FILE_NAMES = Info.plist;
				GENERATE_INFOPLIST_FILE = NO;
				INFOPLIST_FILE = XcupBroadcast/Info.plist;
				INFOPLIST_KEY_CFBundleDisplayName = XcupBroadcast;
				INFOPLIST_KEY_NSHumanReadableCopyright = "";
				IPHONEOS_DEPLOYMENT_TARGET = 17.6;
				LD_RUNPATH_SEARCH_PATHS = (
					"$(inherited)",
					"@executable_path/Frameworks",
					"@executable_path/../../Frameworks",
				);
				MARKETING_VERSION = 1.0;
				PRODUCT_BUNDLE_IDENTIFIER = com.aibei.Xcup.XcupBroadcast;
				PRODUCT_NAME = "$(TARGET_NAME)";
				SKIP_INSTALL = YES;
				STRING_CATALOG_GENERATE_SYMBOLS = YES;
				SWIFT_APPROACHABLE_CONCURRENCY = YES;
				SWIFT_EMIT_LOC_STRINGS = YES;
				SWIFT_UPCOMING_FEATURE_MEMBER_IMPORT_VISIBILITY = YES;
				SWIFT_VERSION = 5.0;
				TARGETED_DEVICE_FAMILY = "1,2";
			};
			name = Release;
		};
/* End XCBuildConfiguration section */

/* Begin XCConfigurationList section */
		5D8CC9842DB548A400B61F48 /* Build configuration list for PBXProject "Xcup" */ = {
			isa = XCConfigurationList;
			buildConfigurations = (
				5D8CC9AB2DB548A500B61F48 /* Debug */,
				5D8CC9AC2DB548A500B61F48 /* Release */,
			);
			defaultConfigurationIsVisible = 0;
			defaultConfigurationName = Release;
		};
		5D8CC9AD2DB548A500B61F48 /* Build configuration list for PBXNativeTarget "Xcup" */ = {
			isa = XCConfigurationList;
			buildConfigurations = (
				5D8CC9AE2DB548A500B61F48 /* Debug */,
				5D8CC9AF2DB548A500B61F48 /* Release */,
			);
			defaultConfigurationIsVisible = 0;
			defaultConfigurationName = Release;
		};
		5D8CC9B02DB548A500B61F48 /* Build configuration list for PBXNativeTarget "XcupTests" */ = {
			isa = XCConfigurationList;
			buildConfigurations = (
				5D8CC9B12DB548A500B61F48 /* Debug */,
				5D8CC9B22DB548A500B61F48 /* Release */,
			);
			defaultConfigurationIsVisible = 0;
			defaultConfigurationName = Release;
		};
		5D8CC9B32DB548A500B61F48 /* Build configuration list for PBXNativeTarget "XcupUITests" */ = {
			isa = XCConfigurationList;
			buildConfigurations = (
				5D8CC9B42DB548A500B61F48 /* Debug */,
				5D8CC9B52DB548A500B61F48 /* Release */,
			);
			defaultConfigurationIsVisible = 0;
			defaultConfigurationName = Release;
		};
		843A89962F864C43002A8D58 /* Build configuration list for PBXNativeTarget "XcupBroadcast" */ = {
			isa = XCConfigurationList;
			buildConfigurations = (
				843A89902F864C43002A8D58 /* Debug */,
				843A89912F864C43002A8D58 /* Release */,
			);
			defaultConfigurationIsVisible = 0;
			defaultConfigurationName = Release;
		};
/* End XCConfigurationList section */
	};
	rootObject = 5D8CC9812DB548A400B61F48 /* Project object */;
}
